
Microsoft Visual Studio Solution File, Format Version 12.00
# Visual Studio 15
VisualStudioVersion = 15.0.28307.329
MinimumVisualStudioVersion = 10.0.40219.1
Project("{FAE04EC0-301F-11D3-BF4B-00C04F79EFBC}") = "Biller", "Biller\Biller.csproj", "{FE190886-D701-4112-8380-29D81D916444}"
EndProject
Global
	GlobalSection(SolutionConfigurationPlatforms) = preSolution
		Debug|Any CPU = Debug|Any CPU
		Release|Any CPU = Release|Any CPU
	EndGlobalSection
	GlobalSection(ProjectConfigurationPlatforms) = postSolution
		{FE190886-D701-4112-8380-29D81D916444}.Debug|Any CPU.ActiveCfg = Debug|Any CPU
		{FE190886-D701-4112-8380-29D81D916444}.Debug|Any CPU.Build.0 = Debug|Any CPU
		{FE190886-D701-4112-8380-29D81D916444}.Release|Any CPU.ActiveCfg = Release|Any CPU
		{FE190886-D701-4112-8380-29D81D916444}.Release|Any CPU.Build.0 = Release|Any CPU
	EndGlobalSection
	GlobalSection(SolutionProperties) = preSolution
		HideSolutionNode = FALSE
	EndGlobalSection
	GlobalSection(ExtensibilityGlobals) = postSolution
		SolutionGuid = {2573172C-62BB-406D-9AB0-9A1A09B78759}
	EndGlobalSection
EndGlobal
